
Microsoft Visual Studio Solution File, Format Version 12.00
# Visual Studio Version 17
VisualStudioVersion = 17.2.32427.441
MinimumVisualStudioVersion = 10.0.40219.1
Project("{FAE04EC0-301F-11D3-BF4B-00C04F79EFBC}") = "TestReadFile", "TestReadFile\TestReadFile.csproj", "{3ECD5DE1-891F-4E7E-BD00-128C2628ABE6}"
EndProject
Global
	GlobalSection(SolutionConfigurationPlatforms) = preSolution
		Debug|Any CPU = Debug|Any CPU
		Release|Any CPU = Release|Any CPU
	EndGlobalSection
	GlobalSection(ProjectConfigurationPlatforms) = postSolution
		{3ECD5DE1-891F-4E7E-BD00-128C2628ABE6}.Debug|Any CPU.ActiveCfg = Debug|Any CPU
		{3ECD5DE1-891F-4E7E-BD00-128C2628ABE6}.Debug|Any CPU.Build.0 = Debug|Any CPU
		{3ECD5DE1-891F-4E7E-BD00-128C2628ABE6}.Release|Any CPU.ActiveCfg = Release|Any CPU
		{3ECD5DE1-891F-4E7E-BD00-128C2628ABE6}.Release|Any CPU.Build.0 = Release|Any CPU
	EndGlobalSection
	GlobalSection(SolutionProperties) = preSolution
		HideSolutionNode = FALSE
	EndGlobalSection
	GlobalSection(ExtensibilityGlobals) = postSolution
		SolutionGuid = {6C2831B3-FBAC-41A8-85B1-A11620A74910}
	EndGlobalSection
EndGlobal
